
Microsoft Visual Studio Solution File, Format Version 12.00
# Visual Studio 15
VisualStudioVersion = 15.0.28307.136
MinimumVisualStudioVersion = 10.0.40219.1
Project("{FAE04EC0-301F-11D3-BF4B-00C04F79EFBC}") = "CamCaptureWinForms", "CamCaptureWinForms\CamCaptureWinForms.csproj", "{BA29D78D-BB67-41B7-ABC8-1996C1467DD8}"
EndProject
Global
	GlobalSection(SolutionConfigurationPlatforms) = preSolution
		Debug|Any CPU = Debug|Any CPU
		Release|Any CPU = Release|Any CPU
	EndGlobalSection
	GlobalSection(ProjectConfigurationPlatforms) = postSolution
		{BA29D78D-BB67-41B7-ABC8-1996C1467DD8}.Debug|Any CPU.ActiveCfg = Debug|Any CPU
		{BA29D78D-BB67-41B7-ABC8-1996C1467DD8}.Debug|Any CPU.Build.0 = Debug|Any CPU
		{BA29D78D-BB67-41B7-ABC8-1996C1467DD8}.Release|Any CPU.ActiveCfg = Release|Any CPU
		{BA29D78D-BB67-41B7-ABC8-1996C1467DD8}.Release|Any CPU.Build.0 = Release|Any CPU
	EndGlobalSection
	GlobalSection(SolutionProperties) = preSolution
		HideSolutionNode = FALSE
	EndGlobalSection
	GlobalSection(ExtensibilityGlobals) = postSolution
		SolutionGuid = {1828FF8B-FA20-4BFB-B382-210918D68FC0}
	EndGlobalSection
EndGlobal
